
Microsoft Visual Studio Solution File, Format Version 11.00
# Visual Studio 2010
Project("{8BC9CEB8-8B4A-11D0-8D11-00A0C91BC942}") = "VowelRecognition1", "VowelRecognition1\VowelRecognition1.vcxproj", "{98EB3DAE-2ADB-49EF-91F1-6DE1DF4B5F24}"
EndProject
Project("{8BC9CEB8-8B4A-11D0-8D11-00A0C91BC942}") = "TestingLPC", "..\TestingLPC\TestingLPC\TestingLPC.vcxproj", "{4F39E36F-1896-4FC4-B643-266A30FEA3DE}"
EndProject
Global
	GlobalSection(SolutionConfigurationPlatforms) = preSolution
		Debug|Win32 = Debug|Win32
		Release|Win32 = Release|Win32
	EndGlobalSection
	GlobalSection(ProjectConfigurationPlatforms) = postSolution
		{98EB3DAE-2ADB-49EF-91F1-6DE1DF4B5F24}.Debug|Win32.ActiveCfg = Debug|Win32
		{98EB3DAE-2ADB-49EF-91F1-6DE1DF4B5F24}.Debug|Win32.Build.0 = Debug|Win32
		{98EB3DAE-2ADB-49EF-91F1-6DE1DF4B5F24}.Release|Win32.ActiveCfg = Release|Win32
		{98EB3DAE-2ADB-49EF-91F1-6DE1DF4B5F24}.Release|Win32.Build.0 = Release|Win32
		{4F39E36F-1896-4FC4-B643-266A30FEA3DE}.Debug|Win32.ActiveCfg = Debug|Win32
		{4F39E36F-1896-4FC4-B643-266A30FEA3DE}.Debug|Win32.Build.0 = Debug|Win32
		{4F39E36F-1896-4FC4-B643-266A30FEA3DE}.Release|Win32.ActiveCfg = Release|Win32
		{4F39E36F-1896-4FC4-B643-266A30FEA3DE}.Release|Win32.Build.0 = Release|Win32
	EndGlobalSection
	GlobalSection(SolutionProperties) = preSolution
		HideSolutionNode = FALSE
	EndGlobalSection
EndGlobal
